Microsoft Visual Studio Solution File, Format Version 11.00
# Visual Studio 2008

Project("{DD12E53E-D94C-AE6E-CE4D-D17FA377539F}") = "Vacuum Bloons", "Assembly-CSharp.csproj", "{6FEC5C43-D147-8C91-EAA7-DA5CE6943E69}"
EndProject
Global
	GlobalSection(SolutionConfigurationPlatforms) = preSolution
		Debug|Any CPU = Debug|Any CPU
		Release|Any CPU = Release|Any CPU
	EndGlobalSection
	GlobalSection(ProjectConfigurationPlatforms) = postSolution
		{6FEC5C43-D147-8C91-EAA7-DA5CE6943E69}.Debug|Any CPU.ActiveCfg = Debug|Any CPU
		{6FEC5C43-D147-8C91-EAA7-DA5CE6943E69}.Debug|Any CPU.Build.0 = Debug|Any CPU
		{6FEC5C43-D147-8C91-EAA7-DA5CE6943E69}.Release|Any CPU.ActiveCfg = Release|Any CPU
		{6FEC5C43-D147-8C91-EAA7-DA5CE6943E69}.Release|Any CPU.Build.0 = Release|Any CPU
	EndGlobalSection
	GlobalSection(SolutionProperties) = preSolution
		HideSolutionNode = FALSE
	EndGlobalSection
	GlobalSection(MonoDevelopProperties) = preSolution
		StartupItem = Assembly-CSharp.csproj
	EndGlobalSection
EndGlobal
